{
  "name": "beamr",
  "version": "1.0.0",
  "lockfileVersion": 3,
  "requires": true,
  "packages": {
    "": {
      "name": "beamr",
      "version": "1.0.0",
      "dependencies": {
        "mime-types": "^2.1.35"
      },
      "devDependencies": {
        "@types/mime-types": "^3.0.1",
        "@types/node": "^20.0.0",
        "@types/vscode": "^1.80.0",
        "typescript": "^5.0.0"
      },
      "engines": {
        "vscode": "^1.80.0"
      }
    },
    "node_modules/@types/mime-types": {
      "version": "3.0.1",
      "resolved": "https://registry.npmjs.org/@types/mime-types/-/mime-types-3.0.1.tgz",
      "integrity": "sha512-xRMsfuQbnRq1Ef+C+RKaENOxXX87Ygl38W1vDfPHRku02TgQr+Qd8iivLtAMcR0KF5/29xlnFihkTlbqFrGOVQ==",
      "dev": true,
      "license": "MIT"
    },
    "node_modules/@types/node": {
      "version": "20.19.43",
      "resolved": "https://registry.npmjs.org/@types/node/-/node-20.19.43.tgz",
      "integrity": "sha512-6oYBAi5ikg4Pl+kGsoYtawUMBT2zZMCvPNF7pVLnHZfd1zf38DRiWn/gT01RYCdUqkv7Fhr+C9ot4/tb+2sVvA==",
      "dev": true,
      "license": "MIT",
      "dependencies": {
        "undici-types": "~6.21.0"
      }
    },
    "node_modules/@types/vscode": {
      "version": "1.120.0",
      "resolved": "https://registry.npmjs.org/@types/vscode/-/vscode-1.120.0.tgz",
      "integrity": "sha512-feaT4Rst+FkTch5zz/ZbNCxoIvo55YU80Be2kiL7OJcod4+CUYf2lUBPdIJzozNnSEMq1VRTGrWEcCGFB3fBmA==",
      "dev": true,
      "license": "MIT"
    },
    "node_modules/mime-db": {
      "version": "1.52.0",
      "resolved": "https://registry.npmjs.org/mime-db/-/mime-db-1.52.0.tgz",
      "integrity": "sha512-sPU4uV7dYlvtWJxwwxHD0PuihVNiE7TyAbQ5SWxDCB9mUYvOgroQOwYQQOKPJ8CIbE+1ETVlOoK1UC2nU3gYvg==",
      "license": "MIT",
      "engines": {
        "node": ">= 0.6"
      }
    },
    "node_modules/mime-types": {
      "version": "2.1.35",
      "resolved": "https://registry.npmjs.org/mime-types/-/mime-types-2.1.35.tgz",
      "integrity": "sha512-ZDY+bPm5zTTF+YpCrAU9nK0UgICYPT0QtT1NZWFv4s++TNkcgVaT0g6+4R2uI4MjQjzysHB1zxuWL50hzaeXiw==",
      "license": "MIT",
      "dependencies": {
        "mime-db": "1.52.0"
      },
      "engines": {
        "node": ">= 0.6"
      }
    },
    "node_modules/typescript": {
      "version": "5.9.3",
      "resolved": "https://registry.npmjs.org/typescript/-/typescript-5.9.3.tgz",
      "integrity": "sha512-jl1vZzPDinLr9eUt3J/t7V6FgNEw9QjvBPdysz9KfQDD41fQrC2Y4vKQdiaUpFT4bXlb1RHhLpp8wtm6M5TgSw==",
      "dev": true,
      "license": "Apache-2.0",
      "bin": {
        "tsc": "bin/tsc",
        "tsserver": "bin/tsserver"
      },
      "engines": {
        "node": ">=14.17"
      }
    },
    "node_modules/undici-types": {
      "version": "6.21.0",
      "resolved": "https://registry.npmjs.org/undici-types/-/undici-types-6.21.0.tgz",
      "integrity": "sha512-iwDZqg0QAGrg9Rav5H4n0M64c3mkR59cJ6wQp+7C4nI0gsmExaedaYLNO44eT4AtBBwjbTiGPMlt2Md0T9H9JQ==",
      "dev": true,
      "license": "MIT"
    }
  }
}
